
Microsoft Visual Studio Solution File, Format Version 12.00
# Visual Studio Version 17
VisualStudioVersion = 17.4.33213.308
MinimumVisualStudioVersion = 10.0.40219.1
Project("{9A19103F-16F7-4668-BE54-9A1E7A4F7556}") = "MoxControl", "MoxControl\MoxControl.csproj", "{558FE105-CE39-40E7-952E-67CE9D3A3CF2}"
EndProject
Project("{9A19103F-16F7-4668-BE54-9A1E7A4F7556}") = "MoxControl.Core", "MoxControl.Core\MoxControl.Core.csproj", "{5EEE4875-62E7-4F38-A437-1060E5F8390B}"
EndProject
Project("{9A19103F-16F7-4668-BE54-9A1E7A4F7556}") = "MoxControl.Models", "MoxControl.Models\MoxControl.Models.csproj", "{74624FC1-D30A-4ECD-B652-6A3D84EF8385}"
EndProject
Project("{9A19103F-16F7-4668-BE54-9A1E7A4F7556}") = "MoxControl.Data", "MoxControl.Data\MoxControl.Data.csproj", "{0C5CE1FC-6D9A-47ED-A696-EE5440C21F96}"
EndProject
Project("{9A19103F-16F7-4668-BE54-9A1E7A4F7556}") = "MoxControl.Connect", "MoxControl.Connect\MoxControl.Connect.csproj", "{3A20D6B3-3FC6-4B16-90DA-14B2352ECB1E}"
EndProject
Project("{9A19103F-16F7-4668-BE54-9A1E7A4F7556}") = "MoxControl.Connect.Proxmox", "MoxControl.Connect.Proxmox\MoxControl.Connect.Proxmox.csproj", "{45E88B87-C950-47D5-ADA6-D0EC52F682D8}"
EndProject
Project("{9A19103F-16F7-4668-BE54-9A1E7A4F7556}") = "MoxControl.Infrastructure", "MoxControl.Infrastructure\MoxControl.Infrastructure.csproj", "{68C746F2-2188-4A4F-B601-48013F0B4292}"
EndProject
Project("{9A19103F-16F7-4668-BE54-9A1E7A4F7556}") = "MoxControl.Connect.Factory", "MoxControl.Connect.Factory\MoxControl.Connect.Factory.csproj", "{213CB909-3485-4679-94E3-FD0B9AC132C0}"
EndProject
Project("{2150E333-8FDC-42A3-9474-1A3956D46DE8}") = "Connect", "Connect", "{DE484AFE-640D-467C-AAA8-01CA7156A52B}"
	ProjectSection(SolutionItems) = preProject
		Readme.md = Readme.md
	EndProjectSection
EndProject
Project("{2150E333-8FDC-42A3-9474-1A3956D46DE8}") = "Proxmox", "Proxmox", "{5A469C89-934D-44D8-8D74-0365598FC696}"
EndProject
Project("{9A19103F-16F7-4668-BE54-9A1E7A4F7556}") = "MoxControl.Connect.Proxmox.Models", "MoxControl.Connect.Proxmox.Models\MoxControl.Connect.Proxmox.Models.csproj", "{572E21FD-B3E6-4B07-8D52-1B01380EA74D}"
EndProject
Project("{9A19103F-16F7-4668-BE54-9A1E7A4F7556}") = "MoxControl.Connect.Models", "MoxControl.Connect.Models\MoxControl.Connect.Models.csproj", "{12FEE95E-04FE-4F28-AFC5-D1C1BAD53DC4}"
EndProject
Project("{9A19103F-16F7-4668-BE54-9A1E7A4F7556}") = "MoxControl.Connect.Data", "MoxControl.Connect.Data\MoxControl.Connect.Data.csproj", "{85A9F2A0-4A72-4A4F-A0FB-23E36505E66E}"
EndProject
Project("{9A19103F-16F7-4668-BE54-9A1E7A4F7556}") = "MoxControl.Connect.Proxmox.Data", "MoxControl.Connect.Proxmox.Data\MoxControl.Connect.Proxmox.Data.csproj", "{1CE563C3-0495-4520-865E-DD43D70FD948}"
EndProject
Project("{9A19103F-16F7-4668-BE54-9A1E7A4F7556}") = "MoxControl.Connect.DependencyInjection", "MoxControl.Connect.DependencyInjection\MoxControl.Connect.DependencyInjection.csproj", "{8EC05585-D99F-4D4D-9097-8383061771B9}"
EndProject
Global
	GlobalSection(SolutionConfigurationPlatforms) = preSolution
		Debug|Any CPU = Debug|Any CPU
		Release|Any CPU = Release|Any CPU
	EndGlobalSection
	GlobalSection(ProjectConfigurationPlatforms) = postSolution
		{558FE105-CE39-40E7-952E-67CE9D3A3CF2}.Debug|Any CPU.ActiveCfg = Debug|Any CPU
		{558FE105-CE39-40E7-952E-67CE9D3A3CF2}.Debug|Any CPU.Build.0 = Debug|Any CPU
		{558FE105-CE39-40E7-952E-67CE9D3A3CF2}.Release|Any CPU.ActiveCfg = Release|Any CPU
		{558FE105-CE39-40E7-952E-67CE9D3A3CF2}.Release|Any CPU.Build.0 = Release|Any CPU
		{5EEE4875-62E7-4F38-A437-1060E5F8390B}.Debug|Any CPU.ActiveCfg = Debug|Any CPU
		{5EEE4875-62E7-4F38-A437-1060E5F8390B}.Debug|Any CPU.Build.0 = Debug|Any CPU
		{5EEE4875-62E7-4F38-A437-1060E5F8390B}.Release|Any CPU.ActiveCfg = Release|Any CPU
		{5EEE4875-62E7-4F38-A437-1060E5F8390B}.Release|Any CPU.Build.0 = Release|Any CPU
		{74624FC1-D30A-4ECD-B652-6A3D84EF8385}.Debug|Any CPU.ActiveCfg = Debug|Any CPU
		{74624FC1-D30A-4ECD-B652-6A3D84EF8385}.Debug|Any CPU.Build.0 = Debug|Any CPU
		{74624FC1-D30A-4ECD-B652-6A3D84EF8385}.Release|Any CPU.ActiveCfg = Release|Any CPU
		{74624FC1-D30A-4ECD-B652-6A3D84EF8385}.Release|Any CPU.Build.0 = Release|Any CPU
		{0C5CE1FC-6D9A-47ED-A696-EE5440C21F96}.Debug|Any CPU.ActiveCfg = Debug|Any CPU
		{0C5CE1FC-6D9A-47ED-A696-EE5440C21F96}.Debug|Any CPU.Build.0 = Debug|Any CPU
		{0C5CE1FC-6D9A-47ED-A696-EE5440C21F96}.Release|Any CPU.ActiveCfg = Release|Any CPU
		{0C5CE1FC-6D9A-47ED-A696-EE5440C21F96}.Release|Any CPU.Build.0 = Release|Any CPU
		{3A20D6B3-3FC6-4B16-90DA-14B2352ECB1E}.Debug|Any CPU.ActiveCfg = Debug|Any CPU
		{3A20D6B3-3FC6-4B16-90DA-14B2352ECB1E}.Debug|Any CPU.Build.0 = Debug|Any CPU
		{3A20D6B3-3FC6-4B16-90DA-14B2352ECB1E}.Release|Any CPU.ActiveCfg = Release|Any CPU
		{3A20D6B3-3FC6-4B16-90DA-14B2352ECB1E}.Release|Any CPU.Build.0 = Release|Any CPU
		{45E88B87-C950-47D5-ADA6-D0EC52F682D8}.Debug|Any CPU.ActiveCfg = Debug|Any CPU
		{45E88B87-C950-47D5-ADA6-D0EC52F682D8}.Debug|Any CPU.Build.0 = Debug|Any CPU
		{45E88B87-C950-47D5-ADA6-D0EC52F682D8}.Release|Any CPU.ActiveCfg = Release|Any CPU
		{45E88B87-C950-47D5-ADA6-D0EC52F682D8}.Release|Any CPU.Build.0 = Release|Any CPU
		{68C746F2-2188-4A4F-B601-48013F0B4292}.Debug|Any CPU.ActiveCfg = Debug|Any CPU
		{68C746F2-2188-4A4F-B601-48013F0B4292}.Debug|Any CPU.Build.0 = Debug|Any CPU
		{68C746F2-2188-4A4F-B601-48013F0B4292}.Release|Any CPU.ActiveCfg = Release|Any CPU
		{68C746F2-2188-4A4F-B601-48013F0B4292}.Release|Any CPU.Build.0 = Release|Any CPU
		{213CB909-3485-4679-94E3-FD0B9AC132C0}.Debug|Any CPU.ActiveCfg = Debug|Any CPU
		{213CB909-3485-4679-94E3-FD0B9AC132C0}.Debug|Any CPU.Build.0 = Debug|Any CPU
		{213CB909-3485-4679-94E3-FD0B9AC132C0}.Release|Any CPU.ActiveCfg = Release|Any CPU
		{213CB909-3485-4679-94E3-FD0B9AC132C0}.Release|Any CPU.Build.0 = Release|Any CPU
		{572E21FD-B3E6-4B07-8D52-1B01380EA74D}.Debug|Any CPU.ActiveCfg = Debug|Any CPU
		{572E21FD-B3E6-4B07-8D52-1B01380EA74D}.Debug|Any CPU.Build.0 = Debug|Any CPU
		{572E21FD-B3E6-4B07-8D52-1B01380EA74D}.Release|Any CPU.ActiveCfg = Release|Any CPU
		{572E21FD-B3E6-4B07-8D52-1B01380EA74D}.Release|Any CPU.Build.0 = Release|Any CPU
		{12FEE95E-04FE-4F28-AFC5-D1C1BAD53DC4}.Debug|Any CPU.ActiveCfg = Debug|Any CPU
		{12FEE95E-04FE-4F28-AFC5-D1C1BAD53DC4}.Debug|Any CPU.Build.0 = Debug|Any CPU
		{12FEE95E-04FE-4F28-AFC5-D1C1BAD53DC4}.Release|Any CPU.ActiveCfg = Release|Any CPU
		{12FEE95E-04FE-4F28-AFC5-D1C1BAD53DC4}.Release|Any CPU.Build.0 = Release|Any CPU
		{85A9F2A0-4A72-4A4F-A0FB-23E36505E66E}.Debug|Any CPU.ActiveCfg = Debug|Any CPU
		{85A9F2A0-4A72-4A4F-A0FB-23E36505E66E}.Debug|Any CPU.Build.0 = Debug|Any CPU
		{85A9F2A0-4A72-4A4F-A0FB-23E36505E66E}.Release|Any CPU.ActiveCfg = Release|Any CPU
		{85A9F2A0-4A72-4A4F-A0FB-23E36505E66E}.Release|Any CPU.Build.0 = Release|Any CPU
		{1CE563C3-0495-4520-865E-DD43D70FD948}.Debug|Any CPU.ActiveCfg = Debug|Any CPU
		{1CE563C3-0495-4520-865E-DD43D70FD948}.Debug|Any CPU.Build.0 = Debug|Any CPU
		{1CE563C3-0495-4520-865E-DD43D70FD948}.Release|Any CPU.ActiveCfg = Release|Any CPU
		{1CE563C3-0495-4520-865E-DD43D70FD948}.Release|Any CPU.Build.0 = Release|Any CPU
		{8EC05585-D99F-4D4D-9097-8383061771B9}.Debug|Any CPU.ActiveCfg = Debug|Any CPU
		{8EC05585-D99F-4D4D-9097-8383061771B9}.Debug|Any CPU.Build.0 = Debug|Any CPU
		{8EC05585-D99F-4D4D-9097-8383061771B9}.Release|Any CPU.ActiveCfg = Release|Any CPU
		{8EC05585-D99F-4D4D-9097-8383061771B9}.Release|Any CPU.Build.0 = Release|Any CPU
	EndGlobalSection
	GlobalSection(SolutionProperties) = preSolution
		HideSolutionNode = FALSE
	EndGlobalSection
	GlobalSection(NestedProjects) = preSolution
		{3A20D6B3-3FC6-4B16-90DA-14B2352ECB1E} = {DE484AFE-640D-467C-AAA8-01CA7156A52B}
		{45E88B87-C950-47D5-ADA6-D0EC52F682D8} = {5A469C89-934D-44D8-8D74-0365598FC696}
		{213CB909-3485-4679-94E3-FD0B9AC132C0} = {DE484AFE-640D-467C-AAA8-01CA7156A52B}
		{5A469C89-934D-44D8-8D74-0365598FC696} = {DE484AFE-640D-467C-AAA8-01CA7156A52B}
		{572E21FD-B3E6-4B07-8D52-1B01380EA74D} = {5A469C89-934D-44D8-8D74-0365598FC696}
		{12FEE95E-04FE-4F28-AFC5-D1C1BAD53DC4} = {DE484AFE-640D-467C-AAA8-01CA7156A52B}
		{85A9F2A0-4A72-4A4F-A0FB-23E36505E66E} = {DE484AFE-640D-467C-AAA8-01CA7156A52B}
		{1CE563C3-0495-4520-865E-DD43D70FD948} = {5A469C89-934D-44D8-8D74-0365598FC696}
		{8EC05585-D99F-4D4D-9097-8383061771B9} = {DE484AFE-640D-467C-AAA8-01CA7156A52B}
	EndGlobalSection
	GlobalSection(ExtensibilityGlobals) = postSolution
		SolutionGuid = {96601D7C-AEB1-49B1-AA5B-7354FDD82CC4}
	EndGlobalSection
EndGlobal
